
Terraform used the selected providers to generate the following execution
plan. Resource actions are indicated with the following symbols:
  ~ update in-place
 <= read (data resources)

Terraform will perform the following actions:

  # module.base.module.hci0.azapi_resource.validatedeploymentsetting_seperate[0] will be updated in-place
  ~ resource "azapi_resource" "validatedeploymentsetting_seperate" {
      ~ body                      = {
          ~ properties = {
              ~ deploymentConfiguration = {
                  ~ scaleUnits = [
                      ~ {
                          ~ deploymentData = {
                              ~ namingPrefix          = "iac215" -> "iac21"
                                # (11 unchanged attributes hidden)
                            }
                        },
                    ]
                    # (1 unchanged attribute hidden)
                }
                # (2 unchanged attributes hidden)
            }
        }
        id                        = "/subscriptions/de3c4d5e-af08-451a-a873-438d86ab6f4b/resourceGroups/iac215-rg/providers/Microsoft.AzureStackHCI/clusters/iac215-cl/deploymentSettings/default"
        name                      = "default"
      ~ output                    = {} -> (known after apply)
        # (6 unchanged attributes hidden)
    }

  # module.base.module.hci0-aksarc0.data.azurerm_client_config.current will be read during apply
  # (depends on a resource or a module with changes pending)
 <= data "azurerm_client_config" "current" {
      + client_id       = (known after apply)
      + id              = (known after apply)
      + object_id       = (known after apply)
      + subscription_id = (known after apply)
      + tenant_id       = (known after apply)
    }

  # module.base.module.hci0-aksarc0.azapi_resource.connectedCluster will be updated in-place
  ~ resource "azapi_resource" "connectedCluster" {
      ~ body                      = {
          ~ properties = {
              ~ aadProfile                = {
                  ~ tenantID            = "d9b73d5e-a9d3-41ba-88c3-796a643e3edd" -> (known after apply)
                    # (2 unchanged attributes hidden)
                }
              - arcAgentProfile           = {
                  - agentAutoUpgrade = "Enabled"
                }
                # (6 unchanged attributes hidden)
            }
            # (1 unchanged attribute hidden)
        }
        id                        = "/subscriptions/de3c4d5e-af08-451a-a873-438d86ab6f4b/resourceGroups/iac215-rg/providers/Microsoft.Kubernetes/connectedClusters/iac215-aksArc"
        name                      = "iac215-aksArc"
      ~ output                    = {} -> (known after apply)
      + tags                      = (known after apply)
        # (7 unchanged attributes hidden)

        # (1 unchanged block hidden)
    }

Plan: 0 to add, 2 to change, 0 to destroy.
